
Microsoft Visual Studio Solution File, Format Version 12.00
# Visual Studio Version 16
VisualStudioVersion = 16.0.30011.22
MinimumVisualStudioVersion = 10.0.40219.1
Project("{FAE04EC0-301F-11D3-BF4B-00C04F79EFBC}") = "PROJETOMVCA03", "PROJETOMVCA03.csproj", "{A3AB9EEC-7A59-4381-8582-6B5B6E8861C2}"
EndProject
Global
	GlobalSection(SolutionConfigurationPlatforms) = preSolution
		Debug|Any CPU = Debug|Any CPU
		Release|Any CPU = Release|Any CPU
	EndGlobalSection
	GlobalSection(ProjectConfigurationPlatforms) = postSolution
		{A3AB9EEC-7A59-4381-8582-6B5B6E8861C2}.Debug|Any CPU.ActiveCfg = Debug|Any CPU
		{A3AB9EEC-7A59-4381-8582-6B5B6E8861C2}.Debug|Any CPU.Build.0 = Debug|Any CPU
		{A3AB9EEC-7A59-4381-8582-6B5B6E8861C2}.Release|Any CPU.ActiveCfg = Release|Any CPU
		{A3AB9EEC-7A59-4381-8582-6B5B6E8861C2}.Release|Any CPU.Build.0 = Release|Any CPU
	EndGlobalSection
	GlobalSection(SolutionProperties) = preSolution
		HideSolutionNode = FALSE
	EndGlobalSection
	GlobalSection(ExtensibilityGlobals) = postSolution
		SolutionGuid = {67916F89-8124-4E89-8803-C51FC6A2257D}
	EndGlobalSection
EndGlobal
